
Microsoft Visual Studio Solution File, Format Version 12.00
# Visual Studio 15
VisualStudioVersion = 15.0.27703.1
MinimumVisualStudioVersion = 10.0.40219.1
Project("{FAE04EC0-301F-11D3-BF4B-00C04F79EFBC}") = "Trackr", "Trackr\Trackr.csproj", "{6024200A-1FBE-4341-9510-9184FD65DCE4}"
EndProject
Global
	GlobalSection(SolutionConfigurationPlatforms) = preSolution
		Debug|Any CPU = Debug|Any CPU
		Release|Any CPU = Release|Any CPU
	EndGlobalSection
	GlobalSection(ProjectConfigurationPlatforms) = postSolution
		{6024200A-1FBE-4341-9510-9184FD65DCE4}.Debug|Any CPU.ActiveCfg = Debug|Any CPU
		{6024200A-1FBE-4341-9510-9184FD65DCE4}.Debug|Any CPU.Build.0 = Debug|Any CPU
		{6024200A-1FBE-4341-9510-9184FD65DCE4}.Release|Any CPU.ActiveCfg = Release|Any CPU
		{6024200A-1FBE-4341-9510-9184FD65DCE4}.Release|Any CPU.Build.0 = Release|Any CPU
	EndGlobalSection
	GlobalSection(SolutionProperties) = preSolution
		HideSolutionNode = FALSE
	EndGlobalSection
	GlobalSection(ExtensibilityGlobals) = postSolution
		SolutionGuid = {140EC8C4-B94C-4ED4-9D15-3C87BDE3F08A}
	EndGlobalSection
EndGlobal
